
Microsoft Visual Studio Solution File, Format Version 12.00
# Visual Studio Version 17
VisualStudioVersion = 17.1.32228.430
MinimumVisualStudioVersion = 10.0.40219.1
Project("{FAE04EC0-301F-11D3-BF4B-00C04F79EFBC}") = "Banking", "Banking\Banking.csproj", "{DDCE981D-5285-49D0-8ECC-8B301D1BFEE2}"
EndProject
Project("{FAE04EC0-301F-11D3-BF4B-00C04F79EFBC}") = "Banking.Domain", "Banking.Domain\Banking.Domain.csproj", "{8415C6EC-CA21-46D6-920B-9E09860BD249}"
EndProject
Project("{FAE04EC0-301F-11D3-BF4B-00C04F79EFBC}") = "Banking.DAL", "Banking.DAL\Banking.DAL.csproj", "{61848CDD-7C8C-43EE-ACF7-B56E3F602FEC}"
EndProject
Project("{FAE04EC0-301F-11D3-BF4B-00C04F79EFBC}") = "Banking.BLL", "Banking.BLL\Banking.BLL.csproj", "{F3DC7ADB-213D-43C9-BC63-FD391DECEB10}"
EndProject
Global
	GlobalSection(SolutionConfigurationPlatforms) = preSolution
		Debug|Any CPU = Debug|Any CPU
		Release|Any CPU = Release|Any CPU
	EndGlobalSection
	GlobalSection(ProjectConfigurationPlatforms) = postSolution
		{DDCE981D-5285-49D0-8ECC-8B301D1BFEE2}.Debug|Any CPU.ActiveCfg = Debug|Any CPU
		{DDCE981D-5285-49D0-8ECC-8B301D1BFEE2}.Debug|Any CPU.Build.0 = Debug|Any CPU
		{DDCE981D-5285-49D0-8ECC-8B301D1BFEE2}.Release|Any CPU.ActiveCfg = Release|Any CPU
		{DDCE981D-5285-49D0-8ECC-8B301D1BFEE2}.Release|Any CPU.Build.0 = Release|Any CPU
		{8415C6EC-CA21-46D6-920B-9E09860BD249}.Debug|Any CPU.ActiveCfg = Debug|Any CPU
		{8415C6EC-CA21-46D6-920B-9E09860BD249}.Debug|Any CPU.Build.0 = Debug|Any CPU
		{8415C6EC-CA21-46D6-920B-9E09860BD249}.Release|Any CPU.ActiveCfg = Release|Any CPU
		{8415C6EC-CA21-46D6-920B-9E09860BD249}.Release|Any CPU.Build.0 = Release|Any CPU
		{61848CDD-7C8C-43EE-ACF7-B56E3F602FEC}.Debug|Any CPU.ActiveCfg = Debug|Any CPU
		{61848CDD-7C8C-43EE-ACF7-B56E3F602FEC}.Debug|Any CPU.Build.0 = Debug|Any CPU
		{61848CDD-7C8C-43EE-ACF7-B56E3F602FEC}.Release|Any CPU.ActiveCfg = Release|Any CPU
		{61848CDD-7C8C-43EE-ACF7-B56E3F602FEC}.Release|Any CPU.Build.0 = Release|Any CPU
		{F3DC7ADB-213D-43C9-BC63-FD391DECEB10}.Debug|Any CPU.ActiveCfg = Debug|Any CPU
		{F3DC7ADB-213D-43C9-BC63-FD391DECEB10}.Debug|Any CPU.Build.0 = Debug|Any CPU
		{F3DC7ADB-213D-43C9-BC63-FD391DECEB10}.Release|Any CPU.ActiveCfg = Release|Any CPU
		{F3DC7ADB-213D-43C9-BC63-FD391DECEB10}.Release|Any CPU.Build.0 = Release|Any CPU
	EndGlobalSection
	GlobalSection(SolutionProperties) = preSolution
		HideSolutionNode = FALSE
	EndGlobalSection
	GlobalSection(ExtensibilityGlobals) = postSolution
		SolutionGuid = {4DE32BD0-4711-44B9-86AE-0CC44FD238F9}
	EndGlobalSection
EndGlobal
